
Microsoft Visual Studio Solution File, Format Version 12.00
# Visual Studio 15
VisualStudioVersion = 15.0.28307.421
MinimumVisualStudioVersion = 10.0.40219.1
Project("{FAE04EC0-301F-11D3-BF4B-00C04F79EFBC}") = "eternity.us", "eternity.us\eternity.us.csproj", "{D68EBDE0-5321-4835-8DC5-B651A734EBAA}"
EndProject
Global
	GlobalSection(SolutionConfigurationPlatforms) = preSolution
		Debug|Any CPU = Debug|Any CPU
		Release|Any CPU = Release|Any CPU
	EndGlobalSection
	GlobalSection(ProjectConfigurationPlatforms) = postSolution
		{D68EBDE0-5321-4835-8DC5-B651A734EBAA}.Debug|Any CPU.ActiveCfg = Debug|Any CPU
		{D68EBDE0-5321-4835-8DC5-B651A734EBAA}.Debug|Any CPU.Build.0 = Debug|Any CPU
		{D68EBDE0-5321-4835-8DC5-B651A734EBAA}.Release|Any CPU.ActiveCfg = Release|Any CPU
		{D68EBDE0-5321-4835-8DC5-B651A734EBAA}.Release|Any CPU.Build.0 = Release|Any CPU
	EndGlobalSection
	GlobalSection(SolutionProperties) = preSolution
		HideSolutionNode = FALSE
	EndGlobalSection
	GlobalSection(ExtensibilityGlobals) = postSolution
		SolutionGuid = {6BB6807A-59F6-4F8D-8738-D6F40EB7033A}
	EndGlobalSection
EndGlobal
